
Microsoft Visual Studio Solution File, Format Version 12.00
# Visual Studio Version 16
VisualStudioVersion = 25.0.1700.1
MinimumVisualStudioVersion = 10.0.40219.1
Project("{FAE04EC0-301F-11D3-BF4B-00C04F79EFBC}") = "test2", "test2\test2.csproj", "{1DE9DFA3-5D78-477F-BB18-D492850CED5E}"
EndProject
Global
	GlobalSection(SolutionConfigurationPlatforms) = preSolution
		Debug|Any CPU = Debug|Any CPU
		Release|Any CPU = Release|Any CPU
	EndGlobalSection
	GlobalSection(ProjectConfigurationPlatforms) = postSolution
		{1DE9DFA3-5D78-477F-BB18-D492850CED5E}.Debug|Any CPU.ActiveCfg = Debug|Any CPU
		{1DE9DFA3-5D78-477F-BB18-D492850CED5E}.Debug|Any CPU.Build.0 = Debug|Any CPU
		{1DE9DFA3-5D78-477F-BB18-D492850CED5E}.Release|Any CPU.ActiveCfg = Release|Any CPU
		{1DE9DFA3-5D78-477F-BB18-D492850CED5E}.Release|Any CPU.Build.0 = Release|Any CPU
	EndGlobalSection
	GlobalSection(SolutionProperties) = preSolution
		HideSolutionNode = FALSE
	EndGlobalSection
	GlobalSection(ExtensibilityGlobals) = postSolution
		SolutionGuid = {E3CC6E62-5429-4DE7-B9B0-F131EC8EF7CF}
	EndGlobalSection
EndGlobal
